github.com/apple/foundationdb v0.0.0-20191120215906-dbfa3dc217f0 h1:ANtbb2vGo8mHL64YH3ydjliD/3RXvWp/s78KrqlsMb8=
github.com/apple/foundationdb/bindings/go v0.0.0-20191120215906-dbfa3dc217f0 h1:gtw6jr9+DFKvD5qQmM9/lmmcSeLx+u56xiGBdxS7STM=
github.com/apple/foundationdb/bindings/go v0.0.0-20191120215906-dbfa3dc217f0/go.mod h1:OMVSB21p9+xQUIqlGizHPZfjK+SHws1ht+ZytVDoz9U=
github.com/google/uuid v1.1.1 h1:Gkbcsh/GbpXz7lPftLA3P6TYMwjCLYm83jiFQZF/3gY=
github.com/google/uuid v1.1.1/go.mod h1:TIyPZe4MgqvfeYDBFedMoGGpEw/LqOeaOT+nhxU+yHo=
github.com/spf13/pflag v1.0.5 h1:iy+VFUOCP1a+8yFto/drg2CJ5u0yRoB7fZw3DKv/JXA=
github.com/spf13/pflag v1.0.5/go.mod h1:McXfInJRrz4CZXVZOBLb0bTZqETkiAhM9Iw0y3An2Bg=
